
Microsoft Visual Studio Solution File, Format Version 12.00
# Visual Studio Express 2012 for Windows Desktop
Project("{FAE04EC0-301F-11D3-BF4B-00C04F79EFBC}") = "operadores_logicos", "operadores_logicos\operadores_logicos.csproj", "{C0A03D3E-39A7-42A1-8BCD-BE475AA58886}"
EndProject
Global
	GlobalSection(SolutionConfigurationPlatforms) = preSolution
		Debug|Any CPU = Debug|Any CPU
		Release|Any CPU = Release|Any CPU
	EndGlobalSection
	GlobalSection(ProjectConfigurationPlatforms) = postSolution
		{C0A03D3E-39A7-42A1-8BCD-BE475AA58886}.Debug|Any CPU.ActiveCfg = Debug|Any CPU
		{C0A03D3E-39A7-42A1-8BCD-BE475AA58886}.Debug|Any CPU.Build.0 = Debug|Any CPU
		{C0A03D3E-39A7-42A1-8BCD-BE475AA58886}.Release|Any CPU.ActiveCfg = Release|Any CPU
		{C0A03D3E-39A7-42A1-8BCD-BE475AA58886}.Release|Any CPU.Build.0 = Release|Any CPU
	EndGlobalSection
	GlobalSection(SolutionProperties) = preSolution
		HideSolutionNode = FALSE
	EndGlobalSection
EndGlobal
